// !$*UTF8*$!
{
	archiveVersion = 1;
	classes = {
	};
	objectVersion = 46;
	objects = {

/* Begin PBXBuildFile section */
		490D58541CA0475F00EB86DD /* AppDelegate.m in Sources */ = {isa = PBXBuildFile; fileRef = 490D58531CA0475F00EB86DD /* AppDelegate.m */; };
		490D58571CA0475F00EB86DD /* main.m in Sources */ = {isa = PBXBuildFile; fileRef = 490D58561CA0475F00EB86DD /* main.m */; };
		490D585C1CA0476000EB86DD /* MainMenu.xib in Resources */ = {isa = PBXBuildFile; fileRef = 490D585A1CA0476000EB86DD /* MainMenu.xib */; };
		8D02A6B21D9DA2C1003DF14D /* Images.xcassets in Resources */ = {isa = PBXBuildFile; fileRef = 8D02A6B11D9DA2C1003DF14D /* Images.xcassets */; };
/* End PBXBuildFile section */

/* Begin PBXFileReference section */
		490D584F1CA0475F00EB86DD /* ReorderWiFi.app */ = {isa = PBXFileReference; explicitFileType = wrapper.application; includeInIndex = 0; path = ReorderWiFi.app; sourceTree = BUILT_PRODUCTS_DIR; };
		490D58521CA0475F00EB86DD /* AppDelegate.h */ = {isa = PBXFileReference; lastKnownFileType = sourcecode.c.h; path = AppDelegate.h; sourceTree = "<group>"; };
		490D58531CA0475F00EB86DD /* AppDelegate.m */ = {isa = PBXFileReference; lastKnownFileType = sourcecode.c.objc; path = AppDelegate.m; sourceTree = "<group>"; };
		490D58561CA0475F00EB86DD /* main.m */ = {isa = PBXFileReference; lastKnownFileType = sourcecode.c.objc; path = main.m; sourceTree = "<group>"; };
		490D585B1CA0476000EB86DD /* Base */ = {isa = PBXFileReference; lastKnownFileType = file.xib; name = Base; path = Base.lproj/MainMenu.xib; sourceTree = "<group>"; };
		490D585D1CA0476000EB86DD /* Info.plist */ = {isa = PBXFileReference; lastKnownFileType = text.plist.xml; path = Info.plist; sourceTree = "<group>"; };
		8D02A6B11D9DA2C1003DF14D /* Images.xcassets */ = {isa = PBXFileReference; lastKnownFileType = folder.assetcatalog; path = Images.xcassets; sourceTree = "<group>"; };
/* End PBXFileReference section */

/* Begin PBXFrameworksBuildPhase section */
		490D584C1CA0475F00EB86DD /* Frameworks */ = {
			isa = PBXFrameworksBuildPhase;
			buildActionMask = 2147483647;
			files = (
			);
			runOnlyForDeploymentPostprocessing = 0;
		};
/* End PBXFrameworksBuildPhase section */

/* Begin PBXGroup section */
		490D58461CA0475F00EB86DD = {
			isa = PBXGroup;
			children = (
				490D58511CA0475F00EB86DD /* ReorderWiFi */,
				490D58501CA0475F00EB86DD /* Products */,
			);
			sourceTree = "<group>";
		};
		490D58501CA0475F00EB86DD /* Products */ = {
			isa = PBXGroup;
			children = (
				490D584F1CA0475F00EB86DD /* ReorderWiFi.app */,
			);
			name = Products;
			sourceTree = "<group>";
		};
		490D58511CA0475F00EB86DD /* ReorderWiFi */ = {
			isa = PBXGroup;
			children = (
				490D58521CA0475F00EB86DD /* AppDelegate.h */,
				490D58531CA0475F00EB86DD /* AppDelegate.m */,
				8D02A6B11D9DA2C1003DF14D /* Images.xcassets */,
				490D585D1CA0476000EB86DD /* Info.plist */,
				490D585A1CA0476000EB86DD /* MainMenu.xib */,
				490D58551CA0475F00EB86DD /* Supporting Files */,
			);
			path = ReorderWiFi;
			sourceTree = "<group>";
		};
		490D58551CA0475F00EB86DD /* Supporting Files */ = {
			isa = PBXGroup;
			children = (
				490D58561CA0475F00EB86DD /* main.m */,
			);
			name = "Supporting Files";
			sourceTree = "<group>";
		};
/* End PBXGroup section */

/* Begin PBXNativeTarget section */
		490D584E1CA0475F00EB86DD /* ReorderWiFi */ = {
			isa = PBXNativeTarget;
			buildConfigurationList = 490D58601CA0476000EB86DD /* Build configuration list for PBXNativeTarget "ReorderWiFi" */;
			buildPhases = (
				490D584B1CA0475F00EB86DD /* Sources */,
				490D584C1CA0475F00EB86DD /* Frameworks */,
				490D584D1CA0475F00EB86DD /* Resources */,
			);
			buildRules = (
			);
			dependencies = (
			);
			name = ReorderWiFi;
			productName = ReorderWiFi;
			productReference = 490D584F1CA0475F00EB86DD /* ReorderWiFi.app */;
			productType = "com.apple.product-type.application";
		};
/* End PBXNativeTarget section */

/* Begin PBXProject section */
		490D58471CA0475F00EB86DD /* Project object */ = {
			isa = PBXProject;
			attributes = {
				LastUpgradeCheck = 0720;
				ORGANIZATIONNAME = "Will Jenkins";
				TargetAttributes = {
					490D584E1CA0475F00EB86DD = {
						CreatedOnToolsVersion = 7.2;
					};
				};
			};
			buildConfigurationList = 490D584A1CA0475F00EB86DD /* Build configuration list for PBXProject "ReorderWiFi" */;
			compatibilityVersion = "Xcode 3.2";
			developmentRegion = English;
			hasScannedForEncodings = 0;
			knownRegions = (
				en,
				Base,
			);
			mainGroup = 490D58461CA0475F00EB86DD;
			productRefGroup = 490D58501CA0475F00EB86DD /* Products */;
			projectDirPath = "";
			projectRoot = "";
			targets = (
				490D584E1CA0475F00EB86DD /* ReorderWiFi */,
			);
		};
/* End PBXProject section */

/* Begin PBXResourcesBuildPhase section */
		490D584D1CA0475F00EB86DD /* Resources */ = {
			isa = PBXResourcesBuildPhase;
			buildActionMask = 2147483647;
			files = (
				490D585C1CA0476000EB86DD /* MainMenu.xib in Resources */,
				8D02A6B21D9DA2C1003DF14D /* Images.xcassets in Resources */,
			);
			runOnlyForDeploymentPostprocessing = 0;
		};
/* End PBXResourcesBuildPhase section */

/* Begin PBXSourcesBuildPhase section */
		490D584B1CA0475F00EB86DD /* Sources */ = {
			isa = PBXSourcesBuildPhase;
			buildActionMask = 2147483647;
			files = (
				490D58571CA0475F00EB86DD /* main.m in Sources */,
				490D58541CA0475F00EB86DD /* AppDelegate.m in Sources */,
			);
			runOnlyForDeploymentPostprocessing = 0;
		};
/* End PBXSourcesBuildPhase section */

/* Begin PBXVariantGroup section */
		490D585A1CA0476000EB86DD /* MainMenu.xib */ = {
			isa = PBXVariantGroup;
			children = (
				490D585B1CA0476000EB86DD /* Base */,
			);
			name = MainMenu.xib;
			sourceTree = "<group>";
		};
/* End PBXVariantGroup section */

/* Begin XCBuildConfiguration section */
		490D585E1CA0476000EB86DD /* Debug */ = {
			isa = XCBuildConfiguration;
			buildSettings = {
				ALWAYS_SEARCH_USER_PATHS = NO;
				CLANG_CXX_LANGUAGE_STANDARD = "gnu++0x";
				CLANG_CXX_LIBRARY = "libc++";
				CLANG_ENABLE_MODULES = YES;
				CLANG_ENABLE_OBJC_ARC = YES;
				CLANG_WARN_BOOL_CONVERSION = YES;
				CLANG_WARN_CONSTANT_CONVERSION = YES;
				CLANG_WARN_DIRECT_OBJC_ISA_USAGE = YES_ERROR;
				CLANG_WARN_EMPTY_BODY = YES;
				CLANG_WARN_ENUM_CONVERSION = YES;
				CLANG_WARN_INT_CONVERSION = YES;
				CLANG_WARN_OBJC_ROOT_CLASS = YES_ERROR;
				CLANG_WARN_UNREACHABLE_CODE = YES;
				CLANG_WARN__DUPLICATE_METHOD_MATCH = YES;
				CODE_SIGN_IDENTITY = "-";
				COPY_PHASE_STRIP = NO;
				DEBUG_INFORMATION_FORMAT = dwarf;
				ENABLE_STRICT_OBJC_MSGSEND = YES;
				ENABLE_TESTABILITY = YES;
				GCC_C_LANGUAGE_STANDARD = gnu99;
				GCC_DYNAMIC_NO_PIC = NO;
				GCC_NO_COMMON_BLOCKS = YES;
				GCC_OPTIMIZATION_LEVEL = 0;
				GCC_PREPROCESSOR_DEFINITIONS = (
					"DEBUG=1",
					"$(inherited)",
				);
				GCC_WARN_64_TO_32_BIT_CONVERSION = YES;
				GCC_WARN_ABOUT_RETURN_TYPE = YES_ERROR;
				GCC_WARN_UNDECLARED_SELECTOR = YES;
				GCC_WARN_UNINITIALIZED_AUTOS = YES_AGGRESSIVE;
				GCC_WARN_UNUSED_FUNCTION = YES;
				GCC_WARN_UNUSED_VARIABLE = YES;
				MACOSX_DEPLOYMENT_TARGET = 10.11;
				MTL_ENABLE_DEBUG_INFO = YES;
				ONLY_ACTIVE_ARCH = YES;
				SDKROOT = macosx;
			};
			name = Debug;
		};
		490D585F1CA0476000EB86DD /* Release */ = {
			isa = XCBuildConfiguration;
			buildSettings = {
				ALWAYS_SEARCH_USER_PATHS = NO;
				CLANG_CXX_LANGUAGE_STANDARD = "gnu++0x";
				CLANG_CXX_LIBRARY = "libc++";
				CLANG_ENABLE_MODULES = YES;
				CLANG_ENABLE_OBJC_ARC = YES;
				CLANG_WARN_BOOL_CONVERSION = YES;
				CLANG_WARN_CONSTANT_CONVERSION = YES;
				CLANG_WARN_DIRECT_OBJC_ISA_USAGE = YES_ERROR;
				CLANG_WARN_EMPTY_BODY = YES;
				CLANG_WARN_ENUM_CONVERSION = YES;
				CLANG_WARN_INT_CONVERSION = YES;
				CLANG_WARN_OBJC_ROOT_CLASS = YES_ERROR;
				CLANG_WARN_UNREACHABLE_CODE = YES;
				CLANG_WARN__DUPLICATE_METHOD_MATCH = YES;
				CODE_SIGN_IDENTITY = "-";
				COPY_PHASE_STRIP = NO;
				DEBUG_INFORMATION_FORMAT = "dwarf-with-dsym";
				ENABLE_NS_ASSERTIONS = NO;
				ENABLE_STRICT_OBJC_MSGSEND = YES;
				GCC_C_LANGUAGE_STANDARD = gnu99;
				GCC_NO_COMMON_BLOCKS = YES;
				GCC_WARN_64_TO_32_BIT_CONVERSION = YES;
				GCC_WARN_ABOUT_RETURN_TYPE = YES_ERROR;
				GCC_WARN_UNDECLARED_SELECTOR = YES;
				GCC_WARN_UNINITIALIZED_AUTOS = YES_AGGRESSIVE;
				GCC_WARN_UNUSED_FUNCTION = YES;
				GCC_WARN_UNUSED_VARIABLE = YES;
				MACOSX_DEPLOYMENT_TARGET = 10.11;
				MTL_ENABLE_DEBUG_INFO = NO;
				SDKROOT = macosx;
			};
			name = Release;
		};
		490D58611CA0476000EB86DD /* Debug */ = {
			isa = XCBuildConfiguration;
			buildSettings = {
				ASSETCATALOG_COMPILER_APPICON_NAME = AppIcon;
				COMBINE_HIDPI_IMAGES = YES;
				INFOPLIST_FILE = ReorderWiFi/Info.plist;
				LD_RUNPATH_SEARCH_PATHS = "$(inherited) @executable_path/../Frameworks";
				PRODUCT_BUNDLE_IDENTIFIER = org.willjenkins.ReorderWiFi;
				PRODUCT_NAME = "$(TARGET_NAME)";
			};
			name = Debug;
		};
		490D58621CA0476000EB86DD /* Release */ = {
			isa = XCBuildConfiguration;
			buildSettings = {
				ASSETCATALOG_COMPILER_APPICON_NAME = AppIcon;
				COMBINE_HIDPI_IMAGES = YES;
				INFOPLIST_FILE = ReorderWiFi/Info.plist;
				LD_RUNPATH_SEARCH_PATHS = "$(inherited) @executable_path/../Frameworks";
				PRODUCT_BUNDLE_IDENTIFIER = org.willjenkins.ReorderWiFi;
				PRODUCT_NAME = "$(TARGET_NAME)";
			};
			name = Release;
		};
/* End XCBuildConfiguration section */

/* Begin XCConfigurationList section */
		490D584A1CA0475F00EB86DD /* Build configuration list for PBXProject "ReorderWiFi" */ = {
			isa = XCConfigurationList;
			buildConfigurations = (
				490D585E1CA0476000EB86DD /* Debug */,
				490D585F1CA0476000EB86DD /* Release */,
			);
			defaultConfigurationIsVisible = 0;
			defaultConfigurationName = Release;
		};
		490D58601CA0476000EB86DD /* Build configuration list for PBXNativeTarget "ReorderWiFi" */ = {
			isa = XCConfigurationList;
			buildConfigurations = (
				490D58611CA0476000EB86DD /* Debug */,
				490D58621CA0476000EB86DD /* Release */,
			);
			defaultConfigurationIsVisible = 0;
			defaultConfigurationName = Release;
		};
/* End XCConfigurationList section */
	};
	rootObject = 490D58471CA0475F00EB86DD /* Project object */;
}
